
Microsoft Visual Studio Solution File, Format Version 12.00
# Visual Studio Version 16
VisualStudioVersion = 16.0.31205.134
MinimumVisualStudioVersion = 10.0.40219.1
Project("{9A19103F-16F7-4668-BE54-9A1E7A4F7556}") = "NMEAParserNET", "NMEAParserNET\NMEAParserNET.csproj", "{06BD9CD9-6C2D-493A-8F6F-67EB6FA5EAED}"
EndProject
Project("{FAE04EC0-301F-11D3-BF4B-00C04F79EFBC}") = "Sample", "Sample\Sample.csproj", "{0389DCE8-9A0F-4560-B8EE-6E040D55FE60}"
EndProject
Project("{FAE04EC0-301F-11D3-BF4B-00C04F79EFBC}") = "binmea", "binmea\binmea.csproj", "{F762FB64-0C43-42A8-8ACC-226764AD81F8}"
EndProject
Global
	GlobalSection(SolutionConfigurationPlatforms) = preSolution
		Debug|Any CPU = Debug|Any CPU
		Release|Any CPU = Release|Any CPU
	EndGlobalSection
	GlobalSection(ProjectConfigurationPlatforms) = postSolution
		{06BD9CD9-6C2D-493A-8F6F-67EB6FA5EAED}.Debug|Any CPU.ActiveCfg = Debug|Any CPU
		{06BD9CD9-6C2D-493A-8F6F-67EB6FA5EAED}.Debug|Any CPU.Build.0 = Debug|Any CPU
		{06BD9CD9-6C2D-493A-8F6F-67EB6FA5EAED}.Release|Any CPU.ActiveCfg = Release|Any CPU
		{06BD9CD9-6C2D-493A-8F6F-67EB6FA5EAED}.Release|Any CPU.Build.0 = Release|Any CPU
		{0389DCE8-9A0F-4560-B8EE-6E040D55FE60}.Debug|Any CPU.ActiveCfg = Debug|Any CPU
		{0389DCE8-9A0F-4560-B8EE-6E040D55FE60}.Debug|Any CPU.Build.0 = Debug|Any CPU
		{0389DCE8-9A0F-4560-B8EE-6E040D55FE60}.Release|Any CPU.ActiveCfg = Release|Any CPU
		{0389DCE8-9A0F-4560-B8EE-6E040D55FE60}.Release|Any CPU.Build.0 = Release|Any CPU
		{F762FB64-0C43-42A8-8ACC-226764AD81F8}.Debug|Any CPU.ActiveCfg = Debug|Any CPU
		{F762FB64-0C43-42A8-8ACC-226764AD81F8}.Debug|Any CPU.Build.0 = Debug|Any CPU
		{F762FB64-0C43-42A8-8ACC-226764AD81F8}.Release|Any CPU.ActiveCfg = Release|Any CPU
		{F762FB64-0C43-42A8-8ACC-226764AD81F8}.Release|Any CPU.Build.0 = Release|Any CPU
	EndGlobalSection
	GlobalSection(SolutionProperties) = preSolution
		HideSolutionNode = FALSE
	EndGlobalSection
	GlobalSection(ExtensibilityGlobals) = postSolution
		SolutionGuid = {596D6D83-D951-4E5B-BFDE-3737B97C0F74}
	EndGlobalSection
EndGlobal
